// !$*UTF8*$!
{
	archiveVersion = 1;
	classes = {
	};
	objectVersion = 56;
	objects = {

/* Begin PBXBuildFile section */
		2A3FB10F2A8270ED002FFF41 /* FavFotosApp.swift in Sources */ = {isa = PBXBuildFile; fileRef = 2A3FB10E2A8270ED002FFF41 /* FavFotosApp.swift */; };
		2A3FB1112A8270ED002FFF41 /* MainTabView.swift in Sources */ = {isa = PBXBuildFile; fileRef = 2A3FB1102A8270ED002FFF41 /* MainTabView.swift */; };
		2A3FB1132A8270EF002FFF41 /* Assets.xcassets in Resources */ = {isa = PBXBuildFile; fileRef = 2A3FB1122A8270EF002FFF41 /* Assets.xcassets */; };
		2A3FB1172A8270EF002FFF41 /* Preview Assets.xcassets in Resources */ = {isa = PBXBuildFile; fileRef = 2A3FB1162A8270EF002FFF41 /* Preview Assets.xcassets */; };
		2A3FB1212A8270EF002FFF41 /* FavFotosTests.swift in Sources */ = {isa = PBXBuildFile; fileRef = 2A3FB1202A8270EF002FFF41 /* FavFotosTests.swift */; };
		2A3FB12B2A8270EF002FFF41 /* FavFotosUITests.swift in Sources */ = {isa = PBXBuildFile; fileRef = 2A3FB12A2A8270EF002FFF41 /* FavFotosUITests.swift */; };
		2A3FB12D2A8270EF002FFF41 /* FavFotosUITestsLaunchTests.swift in Sources */ = {isa = PBXBuildFile; fileRef = 2A3FB12C2A8270EF002FFF41 /* FavFotosUITestsLaunchTests.swift */; };
		2A9DCF392A827329003AF853 /* PhotoDataService.swift in Sources */ = {isa = PBXBuildFile; fileRef = 2A9DCF282A827329003AF853 /* PhotoDataService.swift */; };
		2A9DCF3A2A827329003AF853 /* Constants.swift in Sources */ = {isa = PBXBuildFile; fileRef = 2A9DCF2A2A827329003AF853 /* Constants.swift */; };
		2A9DCF3B2A827329003AF853 /* NetworkingManager.swift in Sources */ = {isa = PBXBuildFile; fileRef = 2A9DCF2B2A827329003AF853 /* NetworkingManager.swift */; };
		2A9DCF3C2A827329003AF853 /* Photo.swift in Sources */ = {isa = PBXBuildFile; fileRef = 2A9DCF2D2A827329003AF853 /* Photo.swift */; };
		2A9DCF3D2A827329003AF853 /* HomeViewModel.swift in Sources */ = {isa = PBXBuildFile; fileRef = 2A9DCF312A827329003AF853 /* HomeViewModel.swift */; };
		2A9DCF3E2A827329003AF853 /* CompositionalLayoutView.swift in Sources */ = {isa = PBXBuildFile; fileRef = 2A9DCF332A827329003AF853 /* CompositionalLayoutView.swift */; };
		2A9DCF3F2A827329003AF853 /* HomeView.swift in Sources */ = {isa = PBXBuildFile; fileRef = 2A9DCF342A827329003AF853 /* HomeView.swift */; };
		2AA4BCFA2A838E3700E310E0 /* ImageCache.swift in Sources */ = {isa = PBXBuildFile; fileRef = 2AA4BCF92A838E3700E310E0 /* ImageCache.swift */; };
		2AA4BCFC2A8468FD00E310E0 /* CachedImageManager.swift in Sources */ = {isa = PBXBuildFile; fileRef = 2AA4BCFB2A8468FD00E310E0 /* CachedImageManager.swift */; };
		2AA4BCFE2A84695500E310E0 /* CachedImage.swift in Sources */ = {isa = PBXBuildFile; fileRef = 2AA4BCFD2A84695500E310E0 /* CachedImage.swift */; };
		2AA4BD002A84827C00E310E0 /* Image+DefaultImageModifier.swift in Sources */ = {isa = PBXBuildFile; fileRef = 2AA4BCFF2A84827C00E310E0 /* Image+DefaultImageModifier.swift */; };
		2AA4BD022A84BEAC00E310E0 /* NetworkError.swift in Sources */ = {isa = PBXBuildFile; fileRef = 2AA4BD012A84BEAC00E310E0 /* NetworkError.swift */; };
		2AA4BD052A85082400E310E0 /* DetailViewModel.swift in Sources */ = {isa = PBXBuildFile; fileRef = 2AA4BD042A85082400E310E0 /* DetailViewModel.swift */; };
		2AA4BD092A85083D00E310E0 /* DetailView.swift in Sources */ = {isa = PBXBuildFile; fileRef = 2AA4BD082A85083D00E310E0 /* DetailView.swift */; };
		2AA4BD0B2A850EF400E310E0 /* FavoritesView.swift in Sources */ = {isa = PBXBuildFile; fileRef = 2AA4BD0A2A850EF400E310E0 /* FavoritesView.swift */; };
		2AA4BD0D2A850F0000E310E0 /* FavoritesViewModel.swift in Sources */ = {isa = PBXBuildFile; fileRef = 2AA4BD0C2A850F0000E310E0 /* FavoritesViewModel.swift */; };
		2ACF040E2A88D40900BBB4CA /* ErrorHandler.swift in Sources */ = {isa = PBXBuildFile; fileRef = 2ACF040D2A88D40900BBB4CA /* ErrorHandler.swift */; };
		2ACF04102A88F9FC00BBB4CA /* ImageQuality.swift in Sources */ = {isa = PBXBuildFile; fileRef = 2ACF040F2A88F9FC00BBB4CA /* ImageQuality.swift */; };
		2ACF04122A88FBD500BBB4CA /* Photo+URL.swift in Sources */ = {isa = PBXBuildFile; fileRef = 2ACF04112A88FBD500BBB4CA /* Photo+URL.swift */; };
		2ACF04142A89147F00BBB4CA /* Favorite.swift in Sources */ = {isa = PBXBuildFile; fileRef = 2ACF04132A89147F00BBB4CA /* Favorite.swift */; };
		2ACF04162A8924B400BBB4CA /* SafariWebView.swift in Sources */ = {isa = PBXBuildFile; fileRef = 2ACF04152A8924B400BBB4CA /* SafariWebView.swift */; };
		2ACF04182A89D8B100BBB4CA /* ImageViewerRepresentable.swift in Sources */ = {isa = PBXBuildFile; fileRef = 2ACF04172A89D8B100BBB4CA /* ImageViewerRepresentable.swift */; };
		2ACF041A2A89DE6300BBB4CA /* FavoritePhotosDataService.swift in Sources */ = {isa = PBXBuildFile; fileRef = 2ACF04192A89DE6300BBB4CA /* FavoritePhotosDataService.swift */; };
		2ACF041D2A89DF6F00BBB4CA /* FavoritesContainer.xcdatamodeld in Sources */ = {isa = PBXBuildFile; fileRef = 2ACF041B2A89DF6F00BBB4CA /* FavoritesContainer.xcdatamodeld */; };
/* End PBXBuildFile section */

/* Begin PBXContainerItemProxy section */
		2A3FB11D2A8270EF002FFF41 /* PBXContainerItemProxy */ = {
			isa = PBXContainerItemProxy;
			containerPortal = 2A3FB1032A8270ED002FFF41 /* Project object */;
			proxyType = 1;
			remoteGlobalIDString = 2A3FB10A2A8270ED002FFF41;
			remoteInfo = FavFotos;
		};
		2A3FB1272A8270EF002FFF41 /* PBXContainerItemProxy */ = {
			isa = PBXContainerItemProxy;
			containerPortal = 2A3FB1032A8270ED002FFF41 /* Project object */;
			proxyType = 1;
			remoteGlobalIDString = 2A3FB10A2A8270ED002FFF41;
			remoteInfo = FavFotos;
		};
/* End PBXContainerItemProxy section */

/* Begin PBXFileReference section */
		2A3FB10B2A8270ED002FFF41 /* FavFotos.app */ = {isa = PBXFileReference; explicitFileType = wrapper.application; includeInIndex = 0; path = FavFotos.app; sourceTree = BUILT_PRODUCTS_DIR; };
		2A3FB10E2A8270ED002FFF41 /* FavFotosApp.swift */ = {isa = PBXFileReference; lastKnownFileType = sourcecode.swift; path = FavFotosApp.swift; sourceTree = "<group>"; };
		2A3FB1102A8270ED002FFF41 /* MainTabView.swift */ = {isa = PBXFileReference; lastKnownFileType = sourcecode.swift; path = MainTabView.swift; sourceTree = "<group>"; };
		2A3FB1122A8270EF002FFF41 /* Assets.xcassets */ = {isa = PBXFileReference; lastKnownFileType = folder.assetcatalog; path = Assets.xcassets; sourceTree = "<group>"; };
		2A3FB1142A8270EF002FFF41 /* FavFotos.entitlements */ = {isa = PBXFileReference; lastKnownFileType = text.plist.entitlements; path = FavFotos.entitlements; sourceTree = "<group>"; };
		2A3FB1162A8270EF002FFF41 /* Preview Assets.xcassets */ = {isa = PBXFileReference; lastKnownFileType = folder.assetcatalog; path = "Preview Assets.xcassets"; sourceTree = "<group>"; };
		2A3FB11C2A8270EF002FFF41 /* FavFotosTests.xctest */ = {isa = PBXFileReference; explicitFileType = wrapper.cfbundle; includeInIndex = 0; path = FavFotosTests.xctest; sourceTree = BUILT_PRODUCTS_DIR; };
		2A3FB1202A8270EF002FFF41 /* FavFotosTests.swift */ = {isa = PBXFileReference; lastKnownFileType = sourcecode.swift; path = FavFotosTests.swift; sourceTree = "<group>"; };
		2A3FB1262A8270EF002FFF41 /* FavFotosUITests.xctest */ = {isa = PBXFileReference; explicitFileType = wrapper.cfbundle; includeInIndex = 0; path = FavFotosUITests.xctest; sourceTree = BUILT_PRODUCTS_DIR; };
		2A3FB12A2A8270EF002FFF41 /* FavFotosUITests.swift */ = {isa = PBXFileReference; lastKnownFileType = sourcecode.swift; path = FavFotosUITests.swift; sourceTree = "<group>"; };
		2A3FB12C2A8270EF002FFF41 /* FavFotosUITestsLaunchTests.swift */ = {isa = PBXFileReference; lastKnownFileType = sourcecode.swift; path = FavFotosUITestsLaunchTests.swift; sourceTree = "<group>"; };
		2A9DCF282A827329003AF853 /* PhotoDataService.swift */ = {isa = PBXFileReference; fileEncoding = 4; lastKnownFileType = sourcecode.swift; path = PhotoDataService.swift; sourceTree = "<group>"; };
		2A9DCF2A2A827329003AF853 /* Constants.swift */ = {isa = PBXFileReference; fileEncoding = 4; lastKnownFileType = sourcecode.swift; path = Constants.swift; sourceTree = "<group>"; };
		2A9DCF2B2A827329003AF853 /* NetworkingManager.swift */ = {isa = PBXFileReference; fileEncoding = 4; lastKnownFileType = sourcecode.swift; path = NetworkingManager.swift; sourceTree = "<group>"; };
		2A9DCF2D2A827329003AF853 /* Photo.swift */ = {isa = PBXFileReference; fileEncoding = 4; lastKnownFileType = sourcecode.swift; path = Photo.swift; sourceTree = "<group>"; };
		2A9DCF312A827329003AF853 /* HomeViewModel.swift */ = {isa = PBXFileReference; fileEncoding = 4; lastKnownFileType = sourcecode.swift; path = HomeViewModel.swift; sourceTree = "<group>"; };
		2A9DCF332A827329003AF853 /* CompositionalLayoutView.swift */ = {isa = PBXFileReference; fileEncoding = 4; lastKnownFileType = sourcecode.swift; path = CompositionalLayoutView.swift; sourceTree = "<group>"; };
		2A9DCF342A827329003AF853 /* HomeView.swift */ = {isa = PBXFileReference; fileEncoding = 4; lastKnownFileType = sourcecode.swift; path = HomeView.swift; sourceTree = "<group>"; };
		2AA4BCF92A838E3700E310E0 /* ImageCache.swift */ = {isa = PBXFileReference; lastKnownFileType = sourcecode.swift; path = ImageCache.swift; sourceTree = "<group>"; };
		2AA4BCFB2A8468FD00E310E0 /* CachedImageManager.swift */ = {isa = PBXFileReference; lastKnownFileType = sourcecode.swift; path = CachedImageManager.swift; sourceTree = "<group>"; };
		2AA4BCFD2A84695500E310E0 /* CachedImage.swift */ = {isa = PBXFileReference; lastKnownFileType = sourcecode.swift; path = CachedImage.swift; sourceTree = "<group>"; };
		2AA4BCFF2A84827C00E310E0 /* Image+DefaultImageModifier.swift */ = {isa = PBXFileReference; lastKnownFileType = sourcecode.swift; path = "Image+DefaultImageModifier.swift"; sourceTree = "<group>"; };
		2AA4BD012A84BEAC00E310E0 /* NetworkError.swift */ = {isa = PBXFileReference; lastKnownFileType = sourcecode.swift; path = NetworkError.swift; sourceTree = "<group>"; };
		2AA4BD042A85082400E310E0 /* DetailViewModel.swift */ = {isa = PBXFileReference; lastKnownFileType = sourcecode.swift; path = DetailViewModel.swift; sourceTree = "<group>"; };
		2AA4BD082A85083D00E310E0 /* DetailView.swift */ = {isa = PBXFileReference; lastKnownFileType = sourcecode.swift; path = DetailView.swift; sourceTree = "<group>"; };
		2AA4BD0A2A850EF400E310E0 /* FavoritesView.swift */ = {isa = PBXFileReference; lastKnownFileType = sourcecode.swift; path = FavoritesView.swift; sourceTree = "<group>"; };
		2AA4BD0C2A850F0000E310E0 /* FavoritesViewModel.swift */ = {isa = PBXFileReference; lastKnownFileType = sourcecode.swift; path = FavoritesViewModel.swift; sourceTree = "<group>"; };
		2ACF040D2A88D40900BBB4CA /* ErrorHandler.swift */ = {isa = PBXFileReference; lastKnownFileType = sourcecode.swift; path = ErrorHandler.swift; sourceTree = "<group>"; };
		2ACF040F2A88F9FC00BBB4CA /* ImageQuality.swift */ = {isa = PBXFileReference; lastKnownFileType = sourcecode.swift; path = ImageQuality.swift; sourceTree = "<group>"; };
		2ACF04112A88FBD500BBB4CA /* Photo+URL.swift */ = {isa = PBXFileReference; lastKnownFileType = sourcecode.swift; path = "Photo+URL.swift"; sourceTree = "<group>"; };
		2ACF04132A89147F00BBB4CA /* Favorite.swift */ = {isa = PBXFileReference; lastKnownFileType = sourcecode.swift; path = Favorite.swift; sourceTree = "<group>"; };
		2ACF04152A8924B400BBB4CA /* SafariWebView.swift */ = {isa = PBXFileReference; lastKnownFileType = sourcecode.swift; path = SafariWebView.swift; sourceTree = "<group>"; };
		2ACF04172A89D8B100BBB4CA /* ImageViewerRepresentable.swift */ = {isa = PBXFileReference; lastKnownFileType = sourcecode.swift; path = ImageViewerRepresentable.swift; sourceTree = "<group>"; };
		2ACF04192A89DE6300BBB4CA /* FavoritePhotosDataService.swift */ = {isa = PBXFileReference; lastKnownFileType = sourcecode.swift; path = FavoritePhotosDataService.swift; sourceTree = "<group>"; };
		2ACF041C2A89DF6F00BBB4CA /* FavoritesContainer.xcdatamodel */ = {isa = PBXFileReference; lastKnownFileType = wrapper.xcdatamodel; path = FavoritesContainer.xcdatamodel; sourceTree = "<group>"; };
/* End PBXFileReference section */

/* Begin PBXFrameworksBuildPhase section */
		2A3FB1082A8270ED002FFF41 /* Frameworks */ = {
			isa = PBXFrameworksBuildPhase;
			buildActionMask = 2147483647;
			files = (
			);
			runOnlyForDeploymentPostprocessing = 0;
		};
		2A3FB1192A8270EF002FFF41 /* Frameworks */ = {
			isa = PBXFrameworksBuildPhase;
			buildActionMask = 2147483647;
			files = (
			);
			runOnlyForDeploymentPostprocessing = 0;
		};
		2A3FB1232A8270EF002FFF41 /* Frameworks */ = {
			isa = PBXFrameworksBuildPhase;
			buildActionMask = 2147483647;
			files = (
			);
			runOnlyForDeploymentPostprocessing = 0;
		};
/* End PBXFrameworksBuildPhase section */

/* Begin PBXGroup section */
		2A3FB1022A8270ED002FFF41 = {
			isa = PBXGroup;
			children = (
				2A3FB10D2A8270ED002FFF41 /* FavFotos */,
				2A3FB11F2A8270EF002FFF41 /* FavFotosTests */,
				2A3FB1292A8270EF002FFF41 /* FavFotosUITests */,
				2A3FB10C2A8270ED002FFF41 /* Products */,
			);
			sourceTree = "<group>";
		};
		2A3FB10C2A8270ED002FFF41 /* Products */ = {
			isa = PBXGroup;
			children = (
				2A3FB10B2A8270ED002FFF41 /* FavFotos.app */,
				2A3FB11C2A8270EF002FFF41 /* FavFotosTests.xctest */,
				2A3FB1262A8270EF002FFF41 /* FavFotosUITests.xctest */,
			);
			name = Products;
			sourceTree = "<group>";
		};
		2A3FB10D2A8270ED002FFF41 /* FavFotos */ = {
			isa = PBXGroup;
			children = (
				2A3FB10E2A8270ED002FFF41 /* FavFotosApp.swift */,
				2A3FB1122A8270EF002FFF41 /* Assets.xcassets */,
				2A3FB1142A8270EF002FFF41 /* FavFotos.entitlements */,
				2A3FB1102A8270ED002FFF41 /* MainTabView.swift */,
				2A9DCF262A827329003AF853 /* Extensions */,
				2A9DCF292A827329003AF853 /* Utilities */,
				2A9DCF272A827329003AF853 /* Services */,
				2A9DCF2C2A827329003AF853 /* Models */,
				2A9DCF2E2A827329003AF853 /* Core */,
				2A3FB1152A8270EF002FFF41 /* Preview Content */,
			);
			path = FavFotos;
			sourceTree = "<group>";
		};
		2A3FB1152A8270EF002FFF41 /* Preview Content */ = {
			isa = PBXGroup;
			children = (
				2A3FB1162A8270EF002FFF41 /* Preview Assets.xcassets */,
			);
			path = "Preview Content";
			sourceTree = "<group>";
		};
		2A3FB11F2A8270EF002FFF41 /* FavFotosTests */ = {
			isa = PBXGroup;
			children = (
				2A3FB1202A8270EF002FFF41 /* FavFotosTests.swift */,
			);
			path = FavFotosTests;
			sourceTree = "<group>";
		};
		2A3FB1292A8270EF002FFF41 /* FavFotosUITests */ = {
			isa = PBXGroup;
			children = (
				2A3FB12A2A8270EF002FFF41 /* FavFotosUITests.swift */,
				2A3FB12C2A8270EF002FFF41 /* FavFotosUITestsLaunchTests.swift */,
			);
			path = FavFotosUITests;
			sourceTree = "<group>";
		};
		2A9DCF262A827329003AF853 /* Extensions */ = {
			isa = PBXGroup;
			children = (
				2AA4BCFF2A84827C00E310E0 /* Image+DefaultImageModifier.swift */,
			);
			path = Extensions;
			sourceTree = "<group>";
		};
		2A9DCF272A827329003AF853 /* Services */ = {
			isa = PBXGroup;
			children = (
				2A9DCF282A827329003AF853 /* PhotoDataService.swift */,
				2ACF04192A89DE6300BBB4CA /* FavoritePhotosDataService.swift */,
			);
			path = Services;
			sourceTree = "<group>";
		};
		2A9DCF292A827329003AF853 /* Utilities */ = {
			isa = PBXGroup;
			children = (
				2AA4BD0E2A850FDF00E310E0 /* Cache */,
				2A9DCF2A2A827329003AF853 /* Constants.swift */,
				2A9DCF2B2A827329003AF853 /* NetworkingManager.swift */,
				2AA4BD012A84BEAC00E310E0 /* NetworkError.swift */,
				2ACF040D2A88D40900BBB4CA /* ErrorHandler.swift */,
				2ACF040F2A88F9FC00BBB4CA /* ImageQuality.swift */,
			);
			path = Utilities;
			sourceTree = "<group>";
		};
		2A9DCF2C2A827329003AF853 /* Models */ = {
			isa = PBXGroup;
			children = (
				2A9DCF2D2A827329003AF853 /* Photo.swift */,
				2ACF041B2A89DF6F00BBB4CA /* FavoritesContainer.xcdatamodeld */,
				2ACF04112A88FBD500BBB4CA /* Photo+URL.swift */,
				2ACF04132A89147F00BBB4CA /* Favorite.swift */,
			);
			path = Models;
			sourceTree = "<group>";
		};
		2A9DCF2E2A827329003AF853 /* Core */ = {
			isa = PBXGroup;
			children = (
				2AA4BD032A85081400E310E0 /* Detail */,
				2A9DCF2F2A827329003AF853 /* Home */,
				2A9DCF352A827329003AF853 /* Favorites */,
				2A9DCF382A827329003AF853 /* ViewComponents */,
			);
			path = Core;
			sourceTree = "<group>";
		};
		2A9DCF2F2A827329003AF853 /* Home */ = {
			isa = PBXGroup;
			children = (
				2A9DCF302A827329003AF853 /* ViewModel */,
				2A9DCF322A827329003AF853 /* View */,
			);
			path = Home;
			sourceTree = "<group>";
		};
		2A9DCF302A827329003AF853 /* ViewModel */ = {
			isa = PBXGroup;
			children = (
				2A9DCF312A827329003AF853 /* HomeViewModel.swift */,
			);
			path = ViewModel;
			sourceTree = "<group>";
		};
		2A9DCF322A827329003AF853 /* View */ = {
			isa = PBXGroup;
			children = (
				2A9DCF342A827329003AF853 /* HomeView.swift */,
			);
			path = View;
			sourceTree = "<group>";
		};
		2A9DCF352A827329003AF853 /* Favorites */ = {
			isa = PBXGroup;
			children = (
				2A9DCF362A827329003AF853 /* ViewModel */,
				2A9DCF372A827329003AF853 /* View */,
			);
			path = Favorites;
			sourceTree = "<group>";
		};
		2A9DCF362A827329003AF853 /* ViewModel */ = {
			isa = PBXGroup;
			children = (
				2AA4BD0C2A850F0000E310E0 /* FavoritesViewModel.swift */,
			);
			path = ViewModel;
			sourceTree = "<group>";
		};
		2A9DCF372A827329003AF853 /* View */ = {
			isa = PBXGroup;
			children = (
				2AA4BD0A2A850EF400E310E0 /* FavoritesView.swift */,
			);
			path = View;
			sourceTree = "<group>";
		};
		2A9DCF382A827329003AF853 /* ViewComponents */ = {
			isa = PBXGroup;
			children = (
				2AA4BCFD2A84695500E310E0 /* CachedImage.swift */,
				2ACF04152A8924B400BBB4CA /* SafariWebView.swift */,
				2ACF04172A89D8B100BBB4CA /* ImageViewerRepresentable.swift */,
				2A9DCF332A827329003AF853 /* CompositionalLayoutView.swift */,
			);
			path = ViewComponents;
			sourceTree = "<group>";
		};
		2AA4BD032A85081400E310E0 /* Detail */ = {
			isa = PBXGroup;
			children = (
				2AA4BD062A85082900E310E0 /* ViewModel */,
				2AA4BD072A85082F00E310E0 /* View */,
			);
			path = Detail;
			sourceTree = "<group>";
		};
		2AA4BD062A85082900E310E0 /* ViewModel */ = {
			isa = PBXGroup;
			children = (
				2AA4BD042A85082400E310E0 /* DetailViewModel.swift */,
			);
			path = ViewModel;
			sourceTree = "<group>";
		};
		2AA4BD072A85082F00E310E0 /* View */ = {
			isa = PBXGroup;
			children = (
				2AA4BD082A85083D00E310E0 /* DetailView.swift */,
			);
			path = View;
			sourceTree = "<group>";
		};
		2AA4BD0E2A850FDF00E310E0 /* Cache */ = {
			isa = PBXGroup;
			children = (
				2AA4BCFB2A8468FD00E310E0 /* CachedImageManager.swift */,
				2AA4BCF92A838E3700E310E0 /* ImageCache.swift */,
			);
			path = Cache;
			sourceTree = "<group>";
		};
/* End PBXGroup section */

/* Begin PBXNativeTarget section */
		2A3FB10A2A8270ED002FFF41 /* FavFotos */ = {
			isa = PBXNativeTarget;
			buildConfigurationList = 2A3FB1302A8270EF002FFF41 /* Build configuration list for PBXNativeTarget "FavFotos" */;
			buildPhases = (
				2A3FB1072A8270ED002FFF41 /* Sources */,
				2A3FB1082A8270ED002FFF41 /* Frameworks */,
				2A3FB1092A8270ED002FFF41 /* Resources */,
			);
			buildRules = (
			);
			dependencies = (
			);
			name = FavFotos;
			productName = FavFotos;
			productReference = 2A3FB10B2A8270ED002FFF41 /* FavFotos.app */;
			productType = "com.apple.product-type.application";
		};
		2A3FB11B2A8270EF002FFF41 /* FavFotosTests */ = {
			isa = PBXNativeTarget;
			buildConfigurationList = 2A3FB1332A8270EF002FFF41 /* Build configuration list for PBXNativeTarget "FavFotosTests" */;
			buildPhases = (
				2A3FB1182A8270EF002FFF41 /* Sources */,
				2A3FB1192A8270EF002FFF41 /* Frameworks */,
				2A3FB11A2A8270EF002FFF41 /* Resources */,
			);
			buildRules = (
			);
			dependencies = (
				2A3FB11E2A8270EF002FFF41 /* PBXTargetDependency */,
			);
			name = FavFotosTests;
			productName = FavFotosTests;
			productReference = 2A3FB11C2A8270EF002FFF41 /* FavFotosTests.xctest */;
			productType = "com.apple.product-type.bundle.unit-test";
		};
		2A3FB1252A8270EF002FFF41 /* FavFotosUITests */ = {
			isa = PBXNativeTarget;
			buildConfigurationList = 2A3FB1362A8270EF002FFF41 /* Build configuration list for PBXNativeTarget "FavFotosUITests" */;
			buildPhases = (
				2A3FB1222A8270EF002FFF41 /* Sources */,
				2A3FB1232A8270EF002FFF41 /* Frameworks */,
				2A3FB1242A8270EF002FFF41 /* Resources */,
			);
			buildRules = (
			);
			dependencies = (
				2A3FB1282A8270EF002FFF41 /* PBXTargetDependency */,
			);
			name = FavFotosUITests;
			productName = FavFotosUITests;
			productReference = 2A3FB1262A8270EF002FFF41 /* FavFotosUITests.xctest */;
			productType = "com.apple.product-type.bundle.ui-testing";
		};
/* End PBXNativeTarget section */

/* Begin PBXProject section */
		2A3FB1032A8270ED002FFF41 /* Project object */ = {
			isa = PBXProject;
			attributes = {
				BuildIndependentTargetsInParallel = 1;
				LastSwiftUpdateCheck = 1430;
				LastUpgradeCheck = 1430;
				TargetAttributes = {
					2A3FB10A2A8270ED002FFF41 = {
						CreatedOnToolsVersion = 14.3.1;
					};
					2A3FB11B2A8270EF002FFF41 = {
						CreatedOnToolsVersion = 14.3.1;
						TestTargetID = 2A3FB10A2A8270ED002FFF41;
					};
					2A3FB1252A8270EF002FFF41 = {
						CreatedOnToolsVersion = 14.3.1;
						TestTargetID = 2A3FB10A2A8270ED002FFF41;
					};
				};
			};
			buildConfigurationList = 2A3FB1062A8270ED002FFF41 /* Build configuration list for PBXProject "FavFotos" */;
			compatibilityVersion = "Xcode 14.0";
			developmentRegion = en;
			hasScannedForEncodings = 0;
			knownRegions = (
				en,
				Base,
			);
			mainGroup = 2A3FB1022A8270ED002FFF41;
			productRefGroup = 2A3FB10C2A8270ED002FFF41 /* Products */;
			projectDirPath = "";
			projectRoot = "";
			targets = (
				2A3FB10A2A8270ED002FFF41 /* FavFotos */,
				2A3FB11B2A8270EF002FFF41 /* FavFotosTests */,
				2A3FB1252A8270EF002FFF41 /* FavFotosUITests */,
			);
		};
/* End PBXProject section */

/* Begin PBXResourcesBuildPhase section */
		2A3FB1092A8270ED002FFF41 /* Resources */ = {
			isa = PBXResourcesBuildPhase;
			buildActionMask = 2147483647;
			files = (
				2A3FB1172A8270EF002FFF41 /* Preview Assets.xcassets in Resources */,
				2A3FB1132A8270EF002FFF41 /* Assets.xcassets in Resources */,
			);
			runOnlyForDeploymentPostprocessing = 0;
		};
		2A3FB11A2A8270EF002FFF41 /* Resources */ = {
			isa = PBXResourcesBuildPhase;
			buildActionMask = 2147483647;
			files = (
			);
			runOnlyForDeploymentPostprocessing = 0;
		};
		2A3FB1242A8270EF002FFF41 /* Resources */ = {
			isa = PBXResourcesBuildPhase;
			buildActionMask = 2147483647;
			files = (
			);
			runOnlyForDeploymentPostprocessing = 0;
		};
/* End PBXResourcesBuildPhase section */

/* Begin PBXSourcesBuildPhase section */
		2A3FB1072A8270ED002FFF41 /* Sources */ = {
			isa = PBXSourcesBuildPhase;
			buildActionMask = 2147483647;
			files = (
				2ACF04122A88FBD500BBB4CA /* Photo+URL.swift in Sources */,
				2AA4BCFA2A838E3700E310E0 /* ImageCache.swift in Sources */,
				2ACF04162A8924B400BBB4CA /* SafariWebView.swift in Sources */,
				2AA4BD022A84BEAC00E310E0 /* NetworkError.swift in Sources */,
				2ACF040E2A88D40900BBB4CA /* ErrorHandler.swift in Sources */,
				2ACF041A2A89DE6300BBB4CA /* FavoritePhotosDataService.swift in Sources */,
				2A9DCF3F2A827329003AF853 /* HomeView.swift in Sources */,
				2AA4BCFC2A8468FD00E310E0 /* CachedImageManager.swift in Sources */,
				2ACF04102A88F9FC00BBB4CA /* ImageQuality.swift in Sources */,
				2A9DCF3C2A827329003AF853 /* Photo.swift in Sources */,
				2A3FB1112A8270ED002FFF41 /* MainTabView.swift in Sources */,
				2ACF041D2A89DF6F00BBB4CA /* FavoritesContainer.xcdatamodeld in Sources */,
				2ACF04182A89D8B100BBB4CA /* ImageViewerRepresentable.swift in Sources */,
				2A9DCF3E2A827329003AF853 /* CompositionalLayoutView.swift in Sources */,
				2AA4BD002A84827C00E310E0 /* Image+DefaultImageModifier.swift in Sources */,
				2A9DCF3D2A827329003AF853 /* HomeViewModel.swift in Sources */,
				2AA4BD092A85083D00E310E0 /* DetailView.swift in Sources */,
				2A9DCF392A827329003AF853 /* PhotoDataService.swift in Sources */,
				2A3FB10F2A8270ED002FFF41 /* FavFotosApp.swift in Sources */,
				2AA4BD0D2A850F0000E310E0 /* FavoritesViewModel.swift in Sources */,
				2A9DCF3B2A827329003AF853 /* NetworkingManager.swift in Sources */,
				2ACF04142A89147F00BBB4CA /* Favorite.swift in Sources */,
				2AA4BD0B2A850EF400E310E0 /* FavoritesView.swift in Sources */,
				2A9DCF3A2A827329003AF853 /* Constants.swift in Sources */,
				2AA4BD052A85082400E310E0 /* DetailViewModel.swift in Sources */,
				2AA4BCFE2A84695500E310E0 /* CachedImage.swift in Sources */,
			);
			runOnlyForDeploymentPostprocessing = 0;
		};
		2A3FB1182A8270EF002FFF41 /* Sources */ = {
			isa = PBXSourcesBuildPhase;
			buildActionMask = 2147483647;
			files = (
				2A3FB1212A8270EF002FFF41 /* FavFotosTests.swift in Sources */,
			);
			runOnlyForDeploymentPostprocessing = 0;
		};
		2A3FB1222A8270EF002FFF41 /* Sources */ = {
			isa = PBXSourcesBuildPhase;
			buildActionMask = 2147483647;
			files = (
				2A3FB12D2A8270EF002FFF41 /* FavFotosUITestsLaunchTests.swift in Sources */,
				2A3FB12B2A8270EF002FFF41 /* FavFotosUITests.swift in Sources */,
			);
			runOnlyForDeploymentPostprocessing = 0;
		};
/* End PBXSourcesBuildPhase section */

/* Begin PBXTargetDependency section */
		2A3FB11E2A8270EF002FFF41 /* PBXTargetDependency */ = {
			isa = PBXTargetDependency;
			target = 2A3FB10A2A8270ED002FFF41 /* FavFotos */;
			targetProxy = 2A3FB11D2A8270EF002FFF41 /* PBXContainerItemProxy */;
		};
		2A3FB1282A8270EF002FFF41 /* PBXTargetDependency */ = {
			isa = PBXTargetDependency;
			target = 2A3FB10A2A8270ED002FFF41 /* FavFotos */;
			targetProxy = 2A3FB1272A8270EF002FFF41 /* PBXContainerItemProxy */;
		};
/* End PBXTargetDependency section */

/* Begin XCBuildConfiguration section */
		2A3FB12E2A8270EF002FFF41 /* Debug */ = {
			isa = XCBuildConfiguration;
			buildSettings = {
				ALWAYS_SEARCH_USER_PATHS = NO;
				CLANG_ANALYZER_NONNULL = YES;
				CLANG_ANALYZER_NUMBER_OBJECT_CONVERSION = YES_AGGRESSIVE;
				CLANG_CXX_LANGUAGE_STANDARD = "gnu++20";
				CLANG_ENABLE_MODULES = YES;
				CLANG_ENABLE_OBJC_ARC = YES;
				CLANG_ENABLE_OBJC_WEAK = YES;
				CLANG_WARN_BLOCK_CAPTURE_AUTORELEASING = YES;
				CLANG_WARN_BOOL_CONVERSION = YES;
				CLANG_WARN_COMMA = YES;
				CLANG_WARN_CONSTANT_CONVERSION = YES;
				CLANG_WARN_DEPRECATED_OBJC_IMPLEMENTATIONS = YES;
				CLANG_WARN_DIRECT_OBJC_ISA_USAGE = YES_ERROR;
				CLANG_WARN_DOCUMENTATION_COMMENTS = YES;
				CLANG_WARN_EMPTY_BODY = YES;
				CLANG_WARN_ENUM_CONVERSION = YES;
				CLANG_WARN_INFINITE_RECURSION = YES;
				CLANG_WARN_INT_CONVERSION = YES;
				CLANG_WARN_NON_LITERAL_NULL_CONVERSION = YES;
				CLANG_WARN_OBJC_IMPLICIT_RETAIN_SELF = YES;
				CLANG_WARN_OBJC_LITERAL_CONVERSION = YES;
				CLANG_WARN_OBJC_ROOT_CLASS = YES_ERROR;
				CLANG_WARN_QUOTED_INCLUDE_IN_FRAMEWORK_HEADER = YES;
				CLANG_WARN_RANGE_LOOP_ANALYSIS = YES;
				CLANG_WARN_STRICT_PROTOTYPES = YES;
				CLANG_WARN_SUSPICIOUS_MOVE = YES;
				CLANG_WARN_UNGUARDED_AVAILABILITY = YES_AGGRESSIVE;
				CLANG_WARN_UNREACHABLE_CODE = YES;
				CLANG_WARN__DUPLICATE_METHOD_MATCH = YES;
				COPY_PHASE_STRIP = NO;
				DEBUG_INFORMATION_FORMAT = dwarf;
				ENABLE_STRICT_OBJC_MSGSEND = YES;
				ENABLE_TESTABILITY = YES;
				GCC_C_LANGUAGE_STANDARD = gnu11;
				GCC_DYNAMIC_NO_PIC = NO;
				GCC_NO_COMMON_BLOCKS = YES;
				GCC_OPTIMIZATION_LEVEL = 0;
				GCC_PREPROCESSOR_DEFINITIONS = (
					"DEBUG=1",
					"$(inherited)",
				);
				GCC_WARN_64_TO_32_BIT_CONVERSION = YES;
				GCC_WARN_ABOUT_RETURN_TYPE = YES_ERROR;
				GCC_WARN_UNDECLARED_SELECTOR = YES;
				GCC_WARN_UNINITIALIZED_AUTOS = YES_AGGRESSIVE;
				GCC_WARN_UNUSED_FUNCTION = YES;
				GCC_WARN_UNUSED_VARIABLE = YES;
				MTL_ENABLE_DEBUG_INFO = INCLUDE_SOURCE;
				MTL_FAST_MATH = YES;
				ONLY_ACTIVE_ARCH = YES;
				SWIFT_ACTIVE_COMPILATION_CONDITIONS = DEBUG;
				SWIFT_OPTIMIZATION_LEVEL = "-Onone";
			};
			name = Debug;
		};
		2A3FB12F2A8270EF002FFF41 /* Release */ = {
			isa = XCBuildConfiguration;
			buildSettings = {
				ALWAYS_SEARCH_USER_PATHS = NO;
				CLANG_ANALYZER_NONNULL = YES;
				CLANG_ANALYZER_NUMBER_OBJECT_CONVERSION = YES_AGGRESSIVE;
				CLANG_CXX_LANGUAGE_STANDARD = "gnu++20";
				CLANG_ENABLE_MODULES = YES;
				CLANG_ENABLE_OBJC_ARC = YES;
				CLANG_ENABLE_OBJC_WEAK = YES;
				CLANG_WARN_BLOCK_CAPTURE_AUTORELEASING = YES;
				CLANG_WARN_BOOL_CONVERSION = YES;
				CLANG_WARN_COMMA = YES;
				CLANG_WARN_CONSTANT_CONVERSION = YES;
				CLANG_WARN_DEPRECATED_OBJC_IMPLEMENTATIONS = YES;
				CLANG_WARN_DIRECT_OBJC_ISA_USAGE = YES_ERROR;
				CLANG_WARN_DOCUMENTATION_COMMENTS = YES;
				CLANG_WARN_EMPTY_BODY = YES;
				CLANG_WARN_ENUM_CONVERSION = YES;
				CLANG_WARN_INFINITE_RECURSION = YES;
				CLANG_WARN_INT_CONVERSION = YES;
				CLANG_WARN_NON_LITERAL_NULL_CONVERSION = YES;
				CLANG_WARN_OBJC_IMPLICIT_RETAIN_SELF = YES;
				CLANG_WARN_OBJC_LITERAL_CONVERSION = YES;
				CLANG_WARN_OBJC_ROOT_CLASS = YES_ERROR;
				CLANG_WARN_QUOTED_INCLUDE_IN_FRAMEWORK_HEADER = YES;
				CLANG_WARN_RANGE_LOOP_ANALYSIS = YES;
				CLANG_WARN_STRICT_PROTOTYPES = YES;
				CLANG_WARN_SUSPICIOUS_MOVE = YES;
				CLANG_WARN_UNGUARDED_AVAILABILITY = YES_AGGRESSIVE;
				CLANG_WARN_UNREACHABLE_CODE = YES;
				CLANG_WARN__DUPLICATE_METHOD_MATCH = YES;
				COPY_PHASE_STRIP = NO;
				DEBUG_INFORMATION_FORMAT = "dwarf-with-dsym";
				ENABLE_NS_ASSERTIONS = NO;
				ENABLE_STRICT_OBJC_MSGSEND = YES;
				GCC_C_LANGUAGE_STANDARD = gnu11;
				GCC_NO_COMMON_BLOCKS = YES;
				GCC_WARN_64_TO_32_BIT_CONVERSION = YES;
				GCC_WARN_ABOUT_RETURN_TYPE = YES_ERROR;
				GCC_WARN_UNDECLARED_SELECTOR = YES;
				GCC_WARN_UNINITIALIZED_AUTOS = YES_AGGRESSIVE;
				GCC_WARN_UNUSED_FUNCTION = YES;
				GCC_WARN_UNUSED_VARIABLE = YES;
				MTL_ENABLE_DEBUG_INFO = NO;
				MTL_FAST_MATH = YES;
				SWIFT_COMPILATION_MODE = wholemodule;
				SWIFT_OPTIMIZATION_LEVEL = "-O";
			};
			name = Release;
		};
		2A3FB1312A8270EF002FFF41 /* Debug */ = {
			isa = XCBuildConfiguration;
			buildSettings = {
				ASSETCATALOG_COMPILER_APPICON_NAME = AppIcon;
				ASSETCATALOG_COMPILER_GLOBAL_ACCENT_COLOR_NAME = AccentColor;
				CODE_SIGN_ENTITLEMENTS = FavFotos/FavFotos.entitlements;
				CODE_SIGN_STYLE = Automatic;
				CURRENT_PROJECT_VERSION = 1;
				DEVELOPMENT_ASSET_PATHS = "\"FavFotos/Preview Content\"";
				DEVELOPMENT_TEAM = YT4PWFD9G5;
				ENABLE_HARDENED_RUNTIME = YES;
				ENABLE_PREVIEWS = YES;
				GENERATE_INFOPLIST_FILE = YES;
				"INFOPLIST_KEY_UIApplicationSceneManifest_Generation[sdk=iphoneos*]" = YES;
				"INFOPLIST_KEY_UIApplicationSceneManifest_Generation[sdk=iphonesimulator*]" = YES;
				"INFOPLIST_KEY_UIApplicationSupportsIndirectInputEvents[sdk=iphoneos*]" = YES;
				"INFOPLIST_KEY_UIApplicationSupportsIndirectInputEvents[sdk=iphonesimulator*]" = YES;
				"INFOPLIST_KEY_UILaunchScreen_Generation[sdk=iphoneos*]" = YES;
				"INFOPLIST_KEY_UILaunchScreen_Generation[sdk=iphonesimulator*]" = YES;
				"INFOPLIST_KEY_UIStatusBarStyle[sdk=iphoneos*]" = UIStatusBarStyleDefault;
				"INFOPLIST_KEY_UIStatusBarStyle[sdk=iphonesimulator*]" = UIStatusBarStyleDefault;
				INFOPLIST_KEY_UISupportedInterfaceOrientations_iPad = "UIInterfaceOrientationPortrait UIInterfaceOrientationPortraitUpsideDown UIInterfaceOrientationLandscapeLeft UIInterfaceOrientationLandscapeRight";
				INFOPLIST_KEY_UISupportedInterfaceOrientations_iPhone = "UIInterfaceOrientationPortrait UIInterfaceOrientationLandscapeLeft UIInterfaceOrientationLandscapeRight";
				IPHONEOS_DEPLOYMENT_TARGET = 16.4;
				LD_RUNPATH_SEARCH_PATHS = "@executable_path/Frameworks";
				"LD_RUNPATH_SEARCH_PATHS[sdk=macosx*]" = "@executable_path/../Frameworks";
				MACOSX_DEPLOYMENT_TARGET = 13.3;
				MARKETING_VERSION = 1.0;
				PRODUCT_BUNDLE_IDENTIFIER = Dean.Thompson.FavFotos;
				PRODUCT_NAME = "$(TARGET_NAME)";
				SDKROOT = auto;
				SUPPORTED_PLATFORMS = "iphoneos iphonesimulator macosx";
				SWIFT_EMIT_LOC_STRINGS = YES;
				SWIFT_VERSION = 5.0;
				TARGETED_DEVICE_FAMILY = "1,2";
			};
			name = Debug;
		};
		2A3FB1322A8270EF002FFF41 /* Release */ = {
			isa = XCBuildConfiguration;
			buildSettings = {
				ASSETCATALOG_COMPILER_APPICON_NAME = AppIcon;
				ASSETCATALOG_COMPILER_GLOBAL_ACCENT_COLOR_NAME = AccentColor;
				CODE_SIGN_ENTITLEMENTS = FavFotos/FavFotos.entitlements;
				CODE_SIGN_STYLE = Automatic;
				CURRENT_PROJECT_VERSION = 1;
				DEVELOPMENT_ASSET_PATHS = "\"FavFotos/Preview Content\"";
				DEVELOPMENT_TEAM = YT4PWFD9G5;
				ENABLE_HARDENED_RUNTIME = YES;
				ENABLE_PREVIEWS = YES;
				GENERATE_INFOPLIST_FILE = YES;
				"INFOPLIST_KEY_UIApplicationSceneManifest_Generation[sdk=iphoneos*]" = YES;
				"INFOPLIST_KEY_UIApplicationSceneManifest_Generation[sdk=iphonesimulator*]" = YES;
				"INFOPLIST_KEY_UIApplicationSupportsIndirectInputEvents[sdk=iphoneos*]" = YES;
				"INFOPLIST_KEY_UIApplicationSupportsIndirectInputEvents[sdk=iphonesimulator*]" = YES;
				"INFOPLIST_KEY_UILaunchScreen_Generation[sdk=iphoneos*]" = YES;
				"INFOPLIST_KEY_UILaunchScreen_Generation[sdk=iphonesimulator*]" = YES;
				"INFOPLIST_KEY_UIStatusBarStyle[sdk=iphoneos*]" = UIStatusBarStyleDefault;
				"INFOPLIST_KEY_UIStatusBarStyle[sdk=iphonesimulator*]" = UIStatusBarStyleDefault;
				INFOPLIST_KEY_UISupportedInterfaceOrientations_iPad = "UIInterfaceOrientationPortrait UIInterfaceOrientationPortraitUpsideDown UIInterfaceOrientationLandscapeLeft UIInterfaceOrientationLandscapeRight";
				INFOPLIST_KEY_UISupportedInterfaceOrientations_iPhone = "UIInterfaceOrientationPortrait UIInterfaceOrientationLandscapeLeft UIInterfaceOrientationLandscapeRight";
				IPHONEOS_DEPLOYMENT_TARGET = 16.4;
				LD_RUNPATH_SEARCH_PATHS = "@executable_path/Frameworks";
				"LD_RUNPATH_SEARCH_PATHS[sdk=macosx*]" = "@executable_path/../Frameworks";
				MACOSX_DEPLOYMENT_TARGET = 13.3;
				MARKETING_VERSION = 1.0;
				PRODUCT_BUNDLE_IDENTIFIER = Dean.Thompson.FavFotos;
				PRODUCT_NAME = "$(TARGET_NAME)";
				SDKROOT = auto;
				SUPPORTED_PLATFORMS = "iphoneos iphonesimulator macosx";
				SWIFT_EMIT_LOC_STRINGS = YES;
				SWIFT_VERSION = 5.0;
				TARGETED_DEVICE_FAMILY = "1,2";
			};
			name = Release;
		};
		2A3FB1342A8270EF002FFF41 /* Debug */ = {
			isa = XCBuildConfiguration;
			buildSettings = {
				ALWAYS_EMBED_SWIFT_STANDARD_LIBRARIES = YES;
				BUNDLE_LOADER = "$(TEST_HOST)";
				CODE_SIGN_STYLE = Automatic;
				CURRENT_PROJECT_VERSION = 1;
				DEVELOPMENT_TEAM = YT4PWFD9G5;
				GENERATE_INFOPLIST_FILE = YES;
				IPHONEOS_DEPLOYMENT_TARGET = 16.4;
				MACOSX_DEPLOYMENT_TARGET = 13.3;
				MARKETING_VERSION = 1.0;
				PRODUCT_BUNDLE_IDENTIFIER = Dean.Thompson.FavFotosTests;
				PRODUCT_NAME = "$(TARGET_NAME)";
				SDKROOT = auto;
				SUPPORTED_PLATFORMS = "iphoneos iphonesimulator macosx";
				SWIFT_EMIT_LOC_STRINGS = NO;
				SWIFT_VERSION = 5.0;
				TARGETED_DEVICE_FAMILY = "1,2";
				TEST_HOST = "$(BUILT_PRODUCTS_DIR)/FavFotos.app/$(BUNDLE_EXECUTABLE_FOLDER_PATH)/FavFotos";
			};
			name = Debug;
		};
		2A3FB1352A8270EF002FFF41 /* Release */ = {
			isa = XCBuildConfiguration;
			buildSettings = {
				ALWAYS_EMBED_SWIFT_STANDARD_LIBRARIES = YES;
				BUNDLE_LOADER = "$(TEST_HOST)";
				CODE_SIGN_STYLE = Automatic;
				CURRENT_PROJECT_VERSION = 1;
				DEVELOPMENT_TEAM = YT4PWFD9G5;
				GENERATE_INFOPLIST_FILE = YES;
				IPHONEOS_DEPLOYMENT_TARGET = 16.4;
				MACOSX_DEPLOYMENT_TARGET = 13.3;
				MARKETING_VERSION = 1.0;
				PRODUCT_BUNDLE_IDENTIFIER = Dean.Thompson.FavFotosTests;
				PRODUCT_NAME = "$(TARGET_NAME)";
				SDKROOT = auto;
				SUPPORTED_PLATFORMS = "iphoneos iphonesimulator macosx";
				SWIFT_EMIT_LOC_STRINGS = NO;
				SWIFT_VERSION = 5.0;
				TARGETED_DEVICE_FAMILY = "1,2";
				TEST_HOST = "$(BUILT_PRODUCTS_DIR)/FavFotos.app/$(BUNDLE_EXECUTABLE_FOLDER_PATH)/FavFotos";
			};
			name = Release;
		};
		2A3FB1372A8270EF002FFF41 /* Debug */ = {
			isa = XCBuildConfiguration;
			buildSettings = {
				ALWAYS_EMBED_SWIFT_STANDARD_LIBRARIES = YES;
				CODE_SIGN_STYLE = Automatic;
				CURRENT_PROJECT_VERSION = 1;
				DEVELOPMENT_TEAM = YT4PWFD9G5;
				GENERATE_INFOPLIST_FILE = YES;
				IPHONEOS_DEPLOYMENT_TARGET = 16.4;
				MACOSX_DEPLOYMENT_TARGET = 13.3;
				MARKETING_VERSION = 1.0;
				PRODUCT_BUNDLE_IDENTIFIER = Dean.Thompson.FavFotosUITests;
				PRODUCT_NAME = "$(TARGET_NAME)";
				SDKROOT = auto;
				SUPPORTED_PLATFORMS = "iphoneos iphonesimulator macosx";
				SWIFT_EMIT_LOC_STRINGS = NO;
				SWIFT_VERSION = 5.0;
				TARGETED_DEVICE_FAMILY = "1,2";
				TEST_TARGET_NAME = FavFotos;
			};
			name = Debug;
		};
		2A3FB1382A8270EF002FFF41 /* Release */ = {
			isa = XCBuildConfiguration;
			buildSettings = {
				ALWAYS_EMBED_SWIFT_STANDARD_LIBRARIES = YES;
				CODE_SIGN_STYLE = Automatic;
				CURRENT_PROJECT_VERSION = 1;
				DEVELOPMENT_TEAM = YT4PWFD9G5;
				GENERATE_INFOPLIST_FILE = YES;
				IPHONEOS_DEPLOYMENT_TARGET = 16.4;
				MACOSX_DEPLOYMENT_TARGET = 13.3;
				MARKETING_VERSION = 1.0;
				PRODUCT_BUNDLE_IDENTIFIER = Dean.Thompson.FavFotosUITests;
				PRODUCT_NAME = "$(TARGET_NAME)";
				SDKROOT = auto;
				SUPPORTED_PLATFORMS = "iphoneos iphonesimulator macosx";
				SWIFT_EMIT_LOC_STRINGS = NO;
				SWIFT_VERSION = 5.0;
				TARGETED_DEVICE_FAMILY = "1,2";
				TEST_TARGET_NAME = FavFotos;
			};
			name = Release;
		};
/* End XCBuildConfiguration section */

/* Begin XCConfigurationList section */
		2A3FB1062A8270ED002FFF41 /* Build configuration list for PBXProject "FavFotos" */ = {
			isa = XCConfigurationList;
			buildConfigurations = (
				2A3FB12E2A8270EF002FFF41 /* Debug */,
				2A3FB12F2A8270EF002FFF41 /* Release */,
			);
			defaultConfigurationIsVisible = 0;
			defaultConfigurationName = Release;
		};
		2A3FB1302A8270EF002FFF41 /* Build configuration list for PBXNativeTarget "FavFotos" */ = {
			isa = XCConfigurationList;
			buildConfigurations = (
				2A3FB1312A8270EF002FFF41 /* Debug */,
				2A3FB1322A8270EF002FFF41 /* Release */,
			);
			defaultConfigurationIsVisible = 0;
			defaultConfigurationName = Release;
		};
		2A3FB1332A8270EF002FFF41 /* Build configuration list for PBXNativeTarget "FavFotosTests" */ = {
			isa = XCConfigurationList;
			buildConfigurations = (
				2A3FB1342A8270EF002FFF41 /* Debug */,
				2A3FB1352A8270EF002FFF41 /* Release */,
			);
			defaultConfigurationIsVisible = 0;
			defaultConfigurationName = Release;
		};
		2A3FB1362A8270EF002FFF41 /* Build configuration list for PBXNativeTarget "FavFotosUITests" */ = {
			isa = XCConfigurationList;
			buildConfigurations = (
				2A3FB1372A8270EF002FFF41 /* Debug */,
				2A3FB1382A8270EF002FFF41 /* Release */,
			);
			defaultConfigurationIsVisible = 0;
			defaultConfigurationName = Release;
		};
/* End XCConfigurationList section */

/* Begin XCVersionGroup section */
		2ACF041B2A89DF6F00BBB4CA /* FavoritesContainer.xcdatamodeld */ = {
			isa = XCVersionGroup;
			children = (
				2ACF041C2A89DF6F00BBB4CA /* FavoritesContainer.xcdatamodel */,
			);
			currentVersion = 2ACF041C2A89DF6F00BBB4CA /* FavoritesContainer.xcdatamodel */;
			path = FavoritesContainer.xcdatamodeld;
			sourceTree = "<group>";
			versionGroupType = wrapper.xcdatamodel;
		};
/* End XCVersionGroup section */
	};
	rootObject = 2A3FB1032A8270ED002FFF41 /* Project object */;
}
